
Microsoft Visual Studio Solution File, Format Version 12.00
# Visual Studio Version 17
VisualStudioVersion = 17.9.34622.214
MinimumVisualStudioVersion = 10.0.40219.1
Project("{9A19103F-16F7-4668-BE54-9A1E7A4F7556}") = "VirtualOffice.Api", "VirtualOffice.Api.csproj", "{800E97EB-3A96-469B-AB0D-8B2FA8D2F3F8}"
EndProject
Project("{9A19103F-16F7-4668-BE54-9A1E7A4F7556}") = "VirtualOffice.Application", "..\VirtualOffice.Application\VirtualOffice.Application.csproj", "{1408345C-8D24-4D45-8E4B-E5A7E987553D}"
EndProject
Project("{9A19103F-16F7-4668-BE54-9A1E7A4F7556}") = "VirtualOffice.Domain", "..\VirtualOffice.Domain\VirtualOffice.Domain.csproj", "{590AF959-117C-4F0C-8B32-FF2BDEA41F3E}"
EndProject
Project("{9A19103F-16F7-4668-BE54-9A1E7A4F7556}") = "VirtualOffice.Infrastructure", "..\VirtualOffice.Infrastructure\VirtualOffice.Infrastructure.csproj", "{E4868BE9-3EA2-4782-B867-2B385D98F734}"
EndProject
Project("{9A19103F-16F7-4668-BE54-9A1E7A4F7556}") = "VirtualOffice.Shared", "..\VirtualOffice.Shared\VirtualOffice.Shared.csproj", "{0112DC22-3A16-4B75-A426-E4D4C4F61A32}"
EndProject
Project("{9A19103F-16F7-4668-BE54-9A1E7A4F7556}") = "VirtualOffice.Shared.Abstractions", "..\VirtualOffice.Shared.Abstractions\VirtualOffice.Shared.Abstractions.csproj", "{F6851FF8-3FC7-497F-82D8-7E805C9FC7F9}"
EndProject
Project("{2150E333-8FDC-42A3-9474-1A3956D46DE8}") = "Shared", "Shared", "{DD5EF096-1ACA-44FE-9FB1-33E21D8C7FF7}"
EndProject
Project("{2150E333-8FDC-42A3-9474-1A3956D46DE8}") = "UnitTests", "UnitTests", "{F27A01A5-84E1-42B2-8038-5C8D133A9361}"
EndProject
Project("{9A19103F-16F7-4668-BE54-9A1E7A4F7556}") = "DomainUnitTests", "..\DomainUnitTests\DomainUnitTests.csproj", "{A9F5F7C8-EDD9-41BF-9E29-4F25031315A7}"
EndProject
Project("{9A19103F-16F7-4668-BE54-9A1E7A4F7556}") = "ApplicationUnitTests", "..\ApplicationUnitTests\ApplicationUnitTests.csproj", "{D0A887FB-02B1-4657-8836-4DB85A3FD71A}"
EndProject
Global
	GlobalSection(SolutionConfigurationPlatforms) = preSolution
		Debug|Any CPU = Debug|Any CPU
		Release|Any CPU = Release|Any CPU
	EndGlobalSection
	GlobalSection(ProjectConfigurationPlatforms) = postSolution
		{800E97EB-3A96-469B-AB0D-8B2FA8D2F3F8}.Debug|Any CPU.ActiveCfg = Debug|Any CPU
		{800E97EB-3A96-469B-AB0D-8B2FA8D2F3F8}.Debug|Any CPU.Build.0 = Debug|Any CPU
		{800E97EB-3A96-469B-AB0D-8B2FA8D2F3F8}.Release|Any CPU.ActiveCfg = Release|Any CPU
		{800E97EB-3A96-469B-AB0D-8B2FA8D2F3F8}.Release|Any CPU.Build.0 = Release|Any CPU
		{1408345C-8D24-4D45-8E4B-E5A7E987553D}.Debug|Any CPU.ActiveCfg = Debug|Any CPU
		{1408345C-8D24-4D45-8E4B-E5A7E987553D}.Debug|Any CPU.Build.0 = Debug|Any CPU
		{1408345C-8D24-4D45-8E4B-E5A7E987553D}.Release|Any CPU.ActiveCfg = Release|Any CPU
		{1408345C-8D24-4D45-8E4B-E5A7E987553D}.Release|Any CPU.Build.0 = Release|Any CPU
		{590AF959-117C-4F0C-8B32-FF2BDEA41F3E}.Debug|Any CPU.ActiveCfg = Debug|Any CPU
		{590AF959-117C-4F0C-8B32-FF2BDEA41F3E}.Debug|Any CPU.Build.0 = Debug|Any CPU
		{590AF959-117C-4F0C-8B32-FF2BDEA41F3E}.Release|Any CPU.ActiveCfg = Release|Any CPU
		{590AF959-117C-4F0C-8B32-FF2BDEA41F3E}.Release|Any CPU.Build.0 = Release|Any CPU
		{E4868BE9-3EA2-4782-B867-2B385D98F734}.Debug|Any CPU.ActiveCfg = Debug|Any CPU
		{E4868BE9-3EA2-4782-B867-2B385D98F734}.Debug|Any CPU.Build.0 = Debug|Any CPU
		{E4868BE9-3EA2-4782-B867-2B385D98F734}.Release|Any CPU.ActiveCfg = Release|Any CPU
		{E4868BE9-3EA2-4782-B867-2B385D98F734}.Release|Any CPU.Build.0 = Release|Any CPU
		{0112DC22-3A16-4B75-A426-E4D4C4F61A32}.Debug|Any CPU.ActiveCfg = Debug|Any CPU
		{0112DC22-3A16-4B75-A426-E4D4C4F61A32}.Debug|Any CPU.Build.0 = Debug|Any CPU
		{0112DC22-3A16-4B75-A426-E4D4C4F61A32}.Release|Any CPU.ActiveCfg = Release|Any CPU
		{0112DC22-3A16-4B75-A426-E4D4C4F61A32}.Release|Any CPU.Build.0 = Release|Any CPU
		{F6851FF8-3FC7-497F-82D8-7E805C9FC7F9}.Debug|Any CPU.ActiveCfg = Debug|Any CPU
		{F6851FF8-3FC7-497F-82D8-7E805C9FC7F9}.Debug|Any CPU.Build.0 = Debug|Any CPU
		{F6851FF8-3FC7-497F-82D8-7E805C9FC7F9}.Release|Any CPU.ActiveCfg = Release|Any CPU
		{F6851FF8-3FC7-497F-82D8-7E805C9FC7F9}.Release|Any CPU.Build.0 = Release|Any CPU
		{A9F5F7C8-EDD9-41BF-9E29-4F25031315A7}.Debug|Any CPU.ActiveCfg = Debug|Any CPU
		{A9F5F7C8-EDD9-41BF-9E29-4F25031315A7}.Debug|Any CPU.Build.0 = Debug|Any CPU
		{A9F5F7C8-EDD9-41BF-9E29-4F25031315A7}.Release|Any CPU.ActiveCfg = Release|Any CPU
		{A9F5F7C8-EDD9-41BF-9E29-4F25031315A7}.Release|Any CPU.Build.0 = Release|Any CPU
		{D0A887FB-02B1-4657-8836-4DB85A3FD71A}.Debug|Any CPU.ActiveCfg = Debug|Any CPU
		{D0A887FB-02B1-4657-8836-4DB85A3FD71A}.Debug|Any CPU.Build.0 = Debug|Any CPU
		{D0A887FB-02B1-4657-8836-4DB85A3FD71A}.Release|Any CPU.ActiveCfg = Release|Any CPU
		{D0A887FB-02B1-4657-8836-4DB85A3FD71A}.Release|Any CPU.Build.0 = Release|Any CPU
	EndGlobalSection
	GlobalSection(SolutionProperties) = preSolution
		HideSolutionNode = FALSE
	EndGlobalSection
	GlobalSection(NestedProjects) = preSolution
		{0112DC22-3A16-4B75-A426-E4D4C4F61A32} = {DD5EF096-1ACA-44FE-9FB1-33E21D8C7FF7}
		{F6851FF8-3FC7-497F-82D8-7E805C9FC7F9} = {DD5EF096-1ACA-44FE-9FB1-33E21D8C7FF7}
		{A9F5F7C8-EDD9-41BF-9E29-4F25031315A7} = {F27A01A5-84E1-42B2-8038-5C8D133A9361}
		{D0A887FB-02B1-4657-8836-4DB85A3FD71A} = {F27A01A5-84E1-42B2-8038-5C8D133A9361}
	EndGlobalSection
	GlobalSection(ExtensibilityGlobals) = postSolution
		SolutionGuid = {FB888D37-C3BB-4B7B-B6FE-A7347B8EEFFE}
	EndGlobalSection
EndGlobal
